
Microsoft Visual Studio Solution File, Format Version 12.00
# Visual Studio 15
VisualStudioVersion = 15.0.28307.1433
MinimumVisualStudioVersion = 10.0.40219.1
Project("{FAE04EC0-301F-11D3-BF4B-00C04F79EFBC}") = "MyPersonalSite", "MyPersonalSite\MyPersonalSite.csproj", "{71D0C37A-645C-40FF-B00F-91D4EB3399AD}"
EndProject
Global
	GlobalSection(SolutionConfigurationPlatforms) = preSolution
		Debug|Any CPU = Debug|Any CPU
		Release|Any CPU = Release|Any CPU
	EndGlobalSection
	GlobalSection(ProjectConfigurationPlatforms) = postSolution
		{71D0C37A-645C-40FF-B00F-91D4EB3399AD}.Debug|Any CPU.ActiveCfg = Debug|Any CPU
		{71D0C37A-645C-40FF-B00F-91D4EB3399AD}.Debug|Any CPU.Build.0 = Debug|Any CPU
		{71D0C37A-645C-40FF-B00F-91D4EB3399AD}.Release|Any CPU.ActiveCfg = Release|Any CPU
		{71D0C37A-645C-40FF-B00F-91D4EB3399AD}.Release|Any CPU.Build.0 = Release|Any CPU
	EndGlobalSection
	GlobalSection(SolutionProperties) = preSolution
		HideSolutionNode = FALSE
	EndGlobalSection
	GlobalSection(ExtensibilityGlobals) = postSolution
		SolutionGuid = {D957D71E-2C39-43FA-8B02-C7DB5BF3C9F9}
	EndGlobalSection
EndGlobal
